
Microsoft Visual Studio Solution File, Format Version 12.00
# Visual Studio 2013
VisualStudioVersion = 12.0.30723.0
MinimumVisualStudioVersion = 10.0.40219.1
Project("{FAE04EC0-301F-11D3-BF4B-00C04F79EFBC}") = "DirSearchClient-iOS", "DirSearchClient-iOS\DirSearchClient-iOS.csproj", "{3966979E-1888-49D0-AAB9-4B9524D8A840}"
EndProject
Project("{FAE04EC0-301F-11D3-BF4B-00C04F79EFBC}") = "DirectorySearcherLib", "DirectorySearcherLib\DirectorySearcherLib.csproj", "{126370CC-F207-4E23-9EF9-F1985422D857}"
EndProject
Project("{FAE04EC0-301F-11D3-BF4B-00C04F79EFBC}") = "DirSearchClient-Android", "DirSearchClient-Android\DirSearchClient-Android.csproj", "{C031293B-C7BB-4C60-BF36-44F6C9CF0529}"
EndProject
Project("{FAE04EC0-301F-11D3-BF4B-00C04F79EFBC}") = "DirSearchClient-Desktop", "DirSearchClient-Desktop\DirSearchClient-Desktop.csproj", "{78E6DFAE-870E-4F2C-9D34-CF4522D95AC7}"
EndProject
Project("{D954291E-2A0B-460D-934E-DC6B0785DB48}") = "DirSearchClient-Universal.Shared", "DirSearchClient-Universal.Shared\DirSearchClient-Universal.Shared.shproj", "{3FA48286-7BB7-4324-81CD-D2C251F47A5C}"
EndProject
Project("{FAE04EC0-301F-11D3-BF4B-00C04F79EFBC}") = "DirSearchClient-Universal.Windows", "DirSearchClient-Universal.Windows\DirSearchClient-Universal.Windows.csproj", "{6B726884-9F98-48F2-83D7-73FE8150EDF0}"
EndProject
Project("{FAE04EC0-301F-11D3-BF4B-00C04F79EFBC}") = "DirSearchClient-Universal.WindowsPhone", "DirSearchClient-Universal.WindowsPhone\DirSearchClient-Universal.WindowsPhone.csproj", "{734ED68C-1B2C-45B4-B700-0F1893C5808D}"
EndProject
Global
	GlobalSection(SharedMSBuildProjectFiles) = preSolution
		DirSearchClient-Universal.Shared\DirSearchClient-Universal.Shared.projitems*{6b726884-9f98-48f2-83d7-73fe8150edf0}*SharedItemsImports = 4
		DirSearchClient-Universal.Shared\DirSearchClient-Universal.Shared.projitems*{3fa48286-7bb7-4324-81cd-d2c251f47a5c}*SharedItemsImports = 13
		DirSearchClient-Universal.Shared\DirSearchClient-Universal.Shared.projitems*{734ed68c-1b2c-45b4-b700-0f1893c5808d}*SharedItemsImports = 4
	EndGlobalSection
	GlobalSection(SolutionConfigurationPlatforms) = preSolution
		Ad-Hoc|Any CPU = Ad-Hoc|Any CPU
		Ad-Hoc|ARM = Ad-Hoc|ARM
		Ad-Hoc|iPhone = Ad-Hoc|iPhone
		Ad-Hoc|iPhoneSimulator = Ad-Hoc|iPhoneSimulator
		Ad-Hoc|Mixed Platforms = Ad-Hoc|Mixed Platforms
		Ad-Hoc|x64 = Ad-Hoc|x64
		Ad-Hoc|x86 = Ad-Hoc|x86
		AppStore|Any CPU = AppStore|Any CPU
		AppStore|ARM = AppStore|ARM
		AppStore|iPhone = AppStore|iPhone
		AppStore|iPhoneSimulator = AppStore|iPhoneSimulator
		AppStore|Mixed Platforms = AppStore|Mixed Platforms
		AppStore|x64 = AppStore|x64
		AppStore|x86 = AppStore|x86
		Debug|Any CPU = Debug|Any CPU
		Debug|ARM = Debug|ARM
		Debug|iPhone = Debug|iPhone
		Debug|iPhoneSimulator = Debug|iPhoneSimulator
		Debug|Mixed Platforms = Debug|Mixed Platforms
		Debug|x64 = Debug|x64
		Debug|x86 = Debug|x86
		Release|Any CPU = Release|Any CPU
		Release|ARM = Release|ARM
		Release|iPhone = Release|iPhone
		Release|iPhoneSimulator = Release|iPhoneSimulator
		Release|Mixed Platforms = Release|Mixed Platforms
		Release|x64 = Release|x64
		Release|x86 = Release|x86
	EndGlobalSection
	GlobalSection(ProjectConfigurationPlatforms) = postSolution
		{3966979E-1888-49D0-AAB9-4B9524D8A840}.Ad-Hoc|Any CPU.ActiveCfg = Ad-Hoc|iPhone
		{3966979E-1888-49D0-AAB9-4B9524D8A840}.Ad-Hoc|ARM.ActiveCfg = Ad-Hoc|iPhoneSimulator
		{3966979E-1888-49D0-AAB9-4B9524D8A840}.Ad-Hoc|iPhone.ActiveCfg = Ad-Hoc|iPhone
		{3966979E-1888-49D0-AAB9-4B9524D8A840}.Ad-Hoc|iPhone.Build.0 = Ad-Hoc|iPhone
		{3966979E-1888-49D0-AAB9-4B9524D8A840}.Ad-Hoc|iPhoneSimulator.ActiveCfg = Ad-Hoc|iPhoneSimulator
		{3966979E-1888-49D0-AAB9-4B9524D8A840}.Ad-Hoc|iPhoneSimulator.Build.0 = Ad-Hoc|iPhoneSimulator
		{3966979E-1888-49D0-AAB9-4B9524D8A840}.Ad-Hoc|Mixed Platforms.ActiveCfg = Ad-Hoc|iPhone
		{3966979E-1888-49D0-AAB9-4B9524D8A840}.Ad-Hoc|Mixed Platforms.Build.0 = Ad-Hoc|iPhone
		{3966979E-1888-49D0-AAB9-4B9524D8A840}.Ad-Hoc|x64.ActiveCfg = Ad-Hoc|iPhoneSimulator
		{3966979E-1888-49D0-AAB9-4B9524D8A840}.Ad-Hoc|x86.ActiveCfg = Ad-Hoc|iPhoneSimulator
		{3966979E-1888-49D0-AAB9-4B9524D8A840}.AppStore|Any CPU.ActiveCfg = AppStore|iPhone
		{3966979E-1888-49D0-AAB9-4B9524D8A840}.AppStore|ARM.ActiveCfg = AppStore|iPhoneSimulator
		{3966979E-1888-49D0-AAB9-4B9524D8A840}.AppStore|iPhone.ActiveCfg = AppStore|iPhone
		{3966979E-1888-49D0-AAB9-4B9524D8A840}.AppStore|iPhone.Build.0 = AppStore|iPhone
		{3966979E-1888-49D0-AAB9-4B9524D8A840}.AppStore|iPhoneSimulator.ActiveCfg = AppStore|iPhoneSimulator
		{3966979E-1888-49D0-AAB9-4B9524D8A840}.AppStore|iPhoneSimulator.Build.0 = AppStore|iPhoneSimulator
		{3966979E-1888-49D0-AAB9-4B9524D8A840}.AppStore|Mixed Platforms.ActiveCfg = AppStore|iPhone
		{3966979E-1888-49D0-AAB9-4B9524D8A840}.AppStore|Mixed Platforms.Build.0 = AppStore|iPhone
		{3966979E-1888-49D0-AAB9-4B9524D8A840}.AppStore|x64.ActiveCfg = AppStore|iPhoneSimulator
		{3966979E-1888-49D0-AAB9-4B9524D8A840}.AppStore|x86.ActiveCfg = AppStore|iPhoneSimulator
		{3966979E-1888-49D0-AAB9-4B9524D8A840}.Debug|Any CPU.ActiveCfg = Debug|iPhone
		{3966979E-1888-49D0-AAB9-4B9524D8A840}.Debug|ARM.ActiveCfg = Debug|iPhoneSimulator
		{3966979E-1888-49D0-AAB9-4B9524D8A840}.Debug|iPhone.ActiveCfg = Debug|iPhone
		{3966979E-1888-49D0-AAB9-4B9524D8A840}.Debug|iPhone.Build.0 = Debug|iPhone
		{3966979E-1888-49D0-AAB9-4B9524D8A840}.Debug|iPhoneSimulator.ActiveCfg = Debug|iPhoneSimulator
		{3966979E-1888-49D0-AAB9-4B9524D8A840}.Debug|iPhoneSimulator.Build.0 = Debug|iPhoneSimulator
		{3966979E-1888-49D0-AAB9-4B9524D8A840}.Debug|Mixed Platforms.ActiveCfg = Debug|iPhone
		{3966979E-1888-49D0-AAB9-4B9524D8A840}.Debug|Mixed Platforms.Build.0 = Debug|iPhone
		{3966979E-1888-49D0-AAB9-4B9524D8A840}.Debug|x64.ActiveCfg = Debug|iPhoneSimulator
		{3966979E-1888-49D0-AAB9-4B9524D8A840}.Debug|x86.ActiveCfg = Debug|iPhoneSimulator
		{3966979E-1888-49D0-AAB9-4B9524D8A840}.Release|Any CPU.ActiveCfg = Release|iPhone
		{3966979E-1888-49D0-AAB9-4B9524D8A840}.Release|ARM.ActiveCfg = Release|iPhoneSimulator
		{3966979E-1888-49D0-AAB9-4B9524D8A840}.Release|iPhone.ActiveCfg = Release|iPhone
		{3966979E-1888-49D0-AAB9-4B9524D8A840}.Release|iPhone.Build.0 = Release|iPhone
		{3966979E-1888-49D0-AAB9-4B9524D8A840}.Release|iPhoneSimulator.ActiveCfg = Release|iPhoneSimulator
		{3966979E-1888-49D0-AAB9-4B9524D8A840}.Release|iPhoneSimulator.Build.0 = Release|iPhoneSimulator
		{3966979E-1888-49D0-AAB9-4B9524D8A840}.Release|Mixed Platforms.ActiveCfg = Release|iPhone
		{3966979E-1888-49D0-AAB9-4B9524D8A840}.Release|Mixed Platforms.Build.0 = Release|iPhone
		{3966979E-1888-49D0-AAB9-4B9524D8A840}.Release|x64.ActiveCfg = Release|iPhoneSimulator
		{3966979E-1888-49D0-AAB9-4B9524D8A840}.Release|x86.ActiveCfg = Release|iPhoneSimulator
		{126370CC-F207-4E23-9EF9-F1985422D857}.Ad-Hoc|Any CPU.ActiveCfg = Release|Any CPU
		{126370CC-F207-4E23-9EF9-F1985422D857}.Ad-Hoc|Any CPU.Build.0 = Release|Any CPU
		{126370CC-F207-4E23-9EF9-F1985422D857}.Ad-Hoc|ARM.ActiveCfg = Debug|Any CPU
		{126370CC-F207-4E23-9EF9-F1985422D857}.Ad-Hoc|iPhone.ActiveCfg = Release|Any CPU
		{126370CC-F207-4E23-9EF9-F1985422D857}.Ad-Hoc|iPhoneSimulator.ActiveCfg = Release|Any CPU
		{126370CC-F207-4E23-9EF9-F1985422D857}.Ad-Hoc|Mixed Platforms.ActiveCfg = Release|Any CPU
		{126370CC-F207-4E23-9EF9-F1985422D857}.Ad-Hoc|Mixed Platforms.Build.0 = Release|Any CPU
		{126370CC-F207-4E23-9EF9-F1985422D857}.Ad-Hoc|x64.ActiveCfg = Debug|Any CPU
		{126370CC-F207-4E23-9EF9-F1985422D857}.Ad-Hoc|x86.ActiveCfg = Debug|Any CPU
		{126370CC-F207-4E23-9EF9-F1985422D857}.AppStore|Any CPU.ActiveCfg = Release|Any CPU
		{126370CC-F207-4E23-9EF9-F1985422D857}.AppStore|Any CPU.Build.0 = Release|Any CPU
		{126370CC-F207-4E23-9EF9-F1985422D857}.AppStore|ARM.ActiveCfg = Debug|Any CPU
		{126370CC-F207-4E23-9EF9-F1985422D857}.AppStore|iPhone.ActiveCfg = Release|Any CPU
		{126370CC-F207-4E23-9EF9-F1985422D857}.AppStore|iPhoneSimulator.ActiveCfg = Release|Any CPU
		{126370CC-F207-4E23-9EF9-F1985422D857}.AppStore|Mixed Platforms.ActiveCfg = Release|Any CPU
		{126370CC-F207-4E23-9EF9-F1985422D857}.AppStore|Mixed Platforms.Build.0 = Release|Any CPU
		{126370CC-F207-4E23-9EF9-F1985422D857}.AppStore|x64.ActiveCfg = Debug|Any CPU
		{126370CC-F207-4E23-9EF9-F1985422D857}.AppStore|x86.ActiveCfg = Debug|Any CPU
		{126370CC-F207-4E23-9EF9-F1985422D857}.Debug|Any CPU.ActiveCfg = Debug|Any CPU
		{126370CC-F207-4E23-9EF9-F1985422D857}.Debug|Any CPU.Build.0 = Debug|Any CPU
		{126370CC-F207-4E23-9EF9-F1985422D857}.Debug|ARM.ActiveCfg = Debug|Any CPU
		{126370CC-F207-4E23-9EF9-F1985422D857}.Debug|iPhone.ActiveCfg = Debug|Any CPU
		{126370CC-F207-4E23-9EF9-F1985422D857}.Debug|iPhoneSimulator.ActiveCfg = Debug|Any CPU
		{126370CC-F207-4E23-9EF9-F1985422D857}.Debug|Mixed Platforms.ActiveCfg = Debug|Any CPU
		{126370CC-F207-4E23-9EF9-F1985422D857}.Debug|Mixed Platforms.Build.0 = Debug|Any CPU
		{126370CC-F207-4E23-9EF9-F1985422D857}.Debug|x64.ActiveCfg = Debug|Any CPU
		{126370CC-F207-4E23-9EF9-F1985422D857}.Debug|x86.ActiveCfg = Debug|Any CPU
		{126370CC-F207-4E23-9EF9-F1985422D857}.Release|Any CPU.ActiveCfg = Release|Any CPU
		{126370CC-F207-4E23-9EF9-F1985422D857}.Release|Any CPU.Build.0 = Release|Any CPU
		{126370CC-F207-4E23-9EF9-F1985422D857}.Release|ARM.ActiveCfg = Release|Any CPU
		{126370CC-F207-4E23-9EF9-F1985422D857}.Release|iPhone.ActiveCfg = Release|Any CPU
		{126370CC-F207-4E23-9EF9-F1985422D857}.Release|iPhoneSimulator.ActiveCfg = Release|Any CPU
		{126370CC-F207-4E23-9EF9-F1985422D857}.Release|Mixed Platforms.ActiveCfg = Release|Any CPU
		{126370CC-F207-4E23-9EF9-F1985422D857}.Release|Mixed Platforms.Build.0 = Release|Any CPU
		{126370CC-F207-4E23-9EF9-F1985422D857}.Release|x64.ActiveCfg = Release|Any CPU
		{126370CC-F207-4E23-9EF9-F1985422D857}.Release|x86.ActiveCfg = Release|Any CPU
		{C031293B-C7BB-4C60-BF36-44F6C9CF0529}.Ad-Hoc|Any CPU.ActiveCfg = Release|Any CPU
		{C031293B-C7BB-4C60-BF36-44F6C9CF0529}.Ad-Hoc|Any CPU.Build.0 = Release|Any CPU
		{C031293B-C7BB-4C60-BF36-44F6C9CF0529}.Ad-Hoc|Any CPU.Deploy.0 = Release|Any CPU
		{C031293B-C7BB-4C60-BF36-44F6C9CF0529}.Ad-Hoc|ARM.ActiveCfg = Debug|Any CPU
		{C031293B-C7BB-4C60-BF36-44F6C9CF0529}.Ad-Hoc|iPhone.ActiveCfg = Release|Any CPU
		{C031293B-C7BB-4C60-BF36-44F6C9CF0529}.Ad-Hoc|iPhoneSimulator.ActiveCfg = Release|Any CPU
		{C031293B-C7BB-4C60-BF36-44F6C9CF0529}.Ad-Hoc|Mixed Platforms.ActiveCfg = Release|Any CPU
		{C031293B-C7BB-4C60-BF36-44F6C9CF0529}.Ad-Hoc|Mixed Platforms.Build.0 = Release|Any CPU
		{C031293B-C7BB-4C60-BF36-44F6C9CF0529}.Ad-Hoc|Mixed Platforms.Deploy.0 = Release|Any CPU
		{C031293B-C7BB-4C60-BF36-44F6C9CF0529}.Ad-Hoc|x64.ActiveCfg = Debug|Any CPU
		{C031293B-C7BB-4C60-BF36-44F6C9CF0529}.Ad-Hoc|x86.ActiveCfg = Debug|Any CPU
		{C031293B-C7BB-4C60-BF36-44F6C9CF0529}.AppStore|Any CPU.ActiveCfg = Release|Any CPU
		{C031293B-C7BB-4C60-BF36-44F6C9CF0529}.AppStore|Any CPU.Build.0 = Release|Any CPU
		{C031293B-C7BB-4C60-BF36-44F6C9CF0529}.AppStore|Any CPU.Deploy.0 = Release|Any CPU
		{C031293B-C7BB-4C60-BF36-44F6C9CF0529}.AppStore|ARM.ActiveCfg = Debug|Any CPU
		{C031293B-C7BB-4C60-BF36-44F6C9CF0529}.AppStore|iPhone.ActiveCfg = Release|Any CPU
		{C031293B-C7BB-4C60-BF36-44F6C9CF0529}.AppStore|iPhoneSimulator.ActiveCfg = Release|Any CPU
		{C031293B-C7BB-4C60-BF36-44F6C9CF0529}.AppStore|Mixed Platforms.ActiveCfg = Release|Any CPU
		{C031293B-C7BB-4C60-BF36-44F6C9CF0529}.AppStore|Mixed Platforms.Build.0 = Release|Any CPU
		{C031293B-C7BB-4C60-BF36-44F6C9CF0529}.AppStore|Mixed Platforms.Deploy.0 = Release|Any CPU
		{C031293B-C7BB-4C60-BF36-44F6C9CF0529}.AppStore|x64.ActiveCfg = Debug|Any CPU
		{C031293B-C7BB-4C60-BF36-44F6C9CF0529}.AppStore|x86.ActiveCfg = Debug|Any CPU
		{C031293B-C7BB-4C60-BF36-44F6C9CF0529}.Debug|Any CPU.ActiveCfg = Debug|Any CPU
		{C031293B-C7BB-4C60-BF36-44F6C9CF0529}.Debug|Any CPU.Build.0 = Debug|Any CPU
		{C031293B-C7BB-4C60-BF36-44F6C9CF0529}.Debug|Any CPU.Deploy.0 = Debug|Any CPU
		{C031293B-C7BB-4C60-BF36-44F6C9CF0529}.Debug|ARM.ActiveCfg = Debug|Any CPU
		{C031293B-C7BB-4C60-BF36-44F6C9CF0529}.Debug|iPhone.ActiveCfg = Debug|Any CPU
		{C031293B-C7BB-4C60-BF36-44F6C9CF0529}.Debug|iPhoneSimulator.ActiveCfg = Debug|Any CPU
		{C031293B-C7BB-4C60-BF36-44F6C9CF0529}.Debug|iPhoneSimulator.Deploy.0 = Debug|Any CPU
		{C031293B-C7BB-4C60-BF36-44F6C9CF0529}.Debug|Mixed Platforms.ActiveCfg = Debug|Any CPU
		{C031293B-C7BB-4C60-BF36-44F6C9CF0529}.Debug|Mixed Platforms.Build.0 = Debug|Any CPU
		{C031293B-C7BB-4C60-BF36-44F6C9CF0529}.Debug|Mixed Platforms.Deploy.0 = Debug|Any CPU
		{C031293B-C7BB-4C60-BF36-44F6C9CF0529}.Debug|x64.ActiveCfg = Debug|Any CPU
		{C031293B-C7BB-4C60-BF36-44F6C9CF0529}.Debug|x86.ActiveCfg = Debug|Any CPU
		{C031293B-C7BB-4C60-BF36-44F6C9CF0529}.Release|Any CPU.ActiveCfg = Release|Any CPU
		{C031293B-C7BB-4C60-BF36-44F6C9CF0529}.Release|Any CPU.Build.0 = Release|Any CPU
		{C031293B-C7BB-4C60-BF36-44F6C9CF0529}.Release|Any CPU.Deploy.0 = Release|Any CPU
		{C031293B-C7BB-4C60-BF36-44F6C9CF0529}.Release|ARM.ActiveCfg = Release|Any CPU
		{C031293B-C7BB-4C60-BF36-44F6C9CF0529}.Release|iPhone.ActiveCfg = Release|Any CPU
		{C031293B-C7BB-4C60-BF36-44F6C9CF0529}.Release|iPhoneSimulator.ActiveCfg = Release|Any CPU
		{C031293B-C7BB-4C60-BF36-44F6C9CF0529}.Release|Mixed Platforms.ActiveCfg = Release|Any CPU
		{C031293B-C7BB-4C60-BF36-44F6C9CF0529}.Release|Mixed Platforms.Build.0 = Release|Any CPU
		{C031293B-C7BB-4C60-BF36-44F6C9CF0529}.Release|Mixed Platforms.Deploy.0 = Release|Any CPU
		{C031293B-C7BB-4C60-BF36-44F6C9CF0529}.Release|x64.ActiveCfg = Release|Any CPU
		{C031293B-C7BB-4C60-BF36-44F6C9CF0529}.Release|x86.ActiveCfg = Release|Any CPU
		{78E6DFAE-870E-4F2C-9D34-CF4522D95AC7}.Ad-Hoc|Any CPU.ActiveCfg = Release|Any CPU
		{78E6DFAE-870E-4F2C-9D34-CF4522D95AC7}.Ad-Hoc|Any CPU.Build.0 = Release|Any CPU
		{78E6DFAE-870E-4F2C-9D34-CF4522D95AC7}.Ad-Hoc|ARM.ActiveCfg = Debug|Any CPU
		{78E6DFAE-870E-4F2C-9D34-CF4522D95AC7}.Ad-Hoc|iPhone.ActiveCfg = Release|Any CPU
		{78E6DFAE-870E-4F2C-9D34-CF4522D95AC7}.Ad-Hoc|iPhoneSimulator.ActiveCfg = Release|Any CPU
		{78E6DFAE-870E-4F2C-9D34-CF4522D95AC7}.Ad-Hoc|Mixed Platforms.ActiveCfg = Release|Any CPU
		{78E6DFAE-870E-4F2C-9D34-CF4522D95AC7}.Ad-Hoc|Mixed Platforms.Build.0 = Release|Any CPU
		{78E6DFAE-870E-4F2C-9D34-CF4522D95AC7}.Ad-Hoc|x64.ActiveCfg = Debug|Any CPU
		{78E6DFAE-870E-4F2C-9D34-CF4522D95AC7}.Ad-Hoc|x86.ActiveCfg = Debug|Any CPU
		{78E6DFAE-870E-4F2C-9D34-CF4522D95AC7}.AppStore|Any CPU.ActiveCfg = Release|Any CPU
		{78E6DFAE-870E-4F2C-9D34-CF4522D95AC7}.AppStore|Any CPU.Build.0 = Release|Any CPU
		{78E6DFAE-870E-4F2C-9D34-CF4522D95AC7}.AppStore|ARM.ActiveCfg = Debug|Any CPU
		{78E6DFAE-870E-4F2C-9D34-CF4522D95AC7}.AppStore|iPhone.ActiveCfg = Release|Any CPU
		{78E6DFAE-870E-4F2C-9D34-CF4522D95AC7}.AppStore|iPhoneSimulator.ActiveCfg = Release|Any CPU
		{78E6DFAE-870E-4F2C-9D34-CF4522D95AC7}.AppStore|Mixed Platforms.ActiveCfg = Release|Any CPU
		{78E6DFAE-870E-4F2C-9D34-CF4522D95AC7}.AppStore|Mixed Platforms.Build.0 = Release|Any CPU
		{78E6DFAE-870E-4F2C-9D34-CF4522D95AC7}.AppStore|x64.ActiveCfg = Debug|Any CPU
		{78E6DFAE-870E-4F2C-9D34-CF4522D95AC7}.AppStore|x86.ActiveCfg = Debug|Any CPU
		{78E6DFAE-870E-4F2C-9D34-CF4522D95AC7}.Debug|Any CPU.ActiveCfg = Debug|Any CPU
		{78E6DFAE-870E-4F2C-9D34-CF4522D95AC7}.Debug|Any CPU.Build.0 = Debug|Any CPU
		{78E6DFAE-870E-4F2C-9D34-CF4522D95AC7}.Debug|ARM.ActiveCfg = Debug|Any CPU
		{78E6DFAE-870E-4F2C-9D34-CF4522D95AC7}.Debug|iPhone.ActiveCfg = Debug|Any CPU
		{78E6DFAE-870E-4F2C-9D34-CF4522D95AC7}.Debug|iPhoneSimulator.ActiveCfg = Debug|Any CPU
		{78E6DFAE-870E-4F2C-9D34-CF4522D95AC7}.Debug|Mixed Platforms.ActiveCfg = Debug|Any CPU
		{78E6DFAE-870E-4F2C-9D34-CF4522D95AC7}.Debug|Mixed Platforms.Build.0 = Debug|Any CPU
		{78E6DFAE-870E-4F2C-9D34-CF4522D95AC7}.Debug|x64.ActiveCfg = Debug|Any CPU
		{78E6DFAE-870E-4F2C-9D34-CF4522D95AC7}.Debug|x86.ActiveCfg = Debug|Any CPU
		{78E6DFAE-870E-4F2C-9D34-CF4522D95AC7}.Release|Any CPU.ActiveCfg = Release|Any CPU
		{78E6DFAE-870E-4F2C-9D34-CF4522D95AC7}.Release|Any CPU.Build.0 = Release|Any CPU
		{78E6DFAE-870E-4F2C-9D34-CF4522D95AC7}.Release|ARM.ActiveCfg = Release|Any CPU
		{78E6DFAE-870E-4F2C-9D34-CF4522D95AC7}.Release|iPhone.ActiveCfg = Release|Any CPU
		{78E6DFAE-870E-4F2C-9D34-CF4522D95AC7}.Release|iPhoneSimulator.ActiveCfg = Release|Any CPU
		{78E6DFAE-870E-4F2C-9D34-CF4522D95AC7}.Release|Mixed Platforms.ActiveCfg = Release|Any CPU
		{78E6DFAE-870E-4F2C-9D34-CF4522D95AC7}.Release|Mixed Platforms.Build.0 = Release|Any CPU
		{78E6DFAE-870E-4F2C-9D34-CF4522D95AC7}.Release|x64.ActiveCfg = Release|Any CPU
		{78E6DFAE-870E-4F2C-9D34-CF4522D95AC7}.Release|x86.ActiveCfg = Release|Any CPU
		{6B726884-9F98-48F2-83D7-73FE8150EDF0}.Ad-Hoc|Any CPU.ActiveCfg = Release|Any CPU
		{6B726884-9F98-48F2-83D7-73FE8150EDF0}.Ad-Hoc|Any CPU.Build.0 = Release|Any CPU
		{6B726884-9F98-48F2-83D7-73FE8150EDF0}.Ad-Hoc|Any CPU.Deploy.0 = Release|Any CPU
		{6B726884-9F98-48F2-83D7-73FE8150EDF0}.Ad-Hoc|ARM.ActiveCfg = Release|ARM
		{6B726884-9F98-48F2-83D7-73FE8150EDF0}.Ad-Hoc|ARM.Build.0 = Release|ARM
		{6B726884-9F98-48F2-83D7-73FE8150EDF0}.Ad-Hoc|ARM.Deploy.0 = Release|ARM
		{6B726884-9F98-48F2-83D7-73FE8150EDF0}.Ad-Hoc|iPhone.ActiveCfg = Release|Any CPU
		{6B726884-9F98-48F2-83D7-73FE8150EDF0}.Ad-Hoc|iPhoneSimulator.ActiveCfg = Release|Any CPU
		{6B726884-9F98-48F2-83D7-73FE8150EDF0}.Ad-Hoc|Mixed Platforms.ActiveCfg = Release|x86
		{6B726884-9F98-48F2-83D7-73FE8150EDF0}.Ad-Hoc|Mixed Platforms.Build.0 = Release|x86
		{6B726884-9F98-48F2-83D7-73FE8150EDF0}.Ad-Hoc|Mixed Platforms.Deploy.0 = Release|x86
		{6B726884-9F98-48F2-83D7-73FE8150EDF0}.Ad-Hoc|x64.ActiveCfg = Release|x64
		{6B726884-9F98-48F2-83D7-73FE8150EDF0}.Ad-Hoc|x64.Build.0 = Release|x64
		{6B726884-9F98-48F2-83D7-73FE8150EDF0}.Ad-Hoc|x64.Deploy.0 = Release|x64
		{6B726884-9F98-48F2-83D7-73FE8150EDF0}.Ad-Hoc|x86.ActiveCfg = Release|x86
		{6B726884-9F98-48F2-83D7-73FE8150EDF0}.Ad-Hoc|x86.Build.0 = Release|x86
		{6B726884-9F98-48F2-83D7-73FE8150EDF0}.Ad-Hoc|x86.Deploy.0 = Release|x86
		{6B726884-9F98-48F2-83D7-73FE8150EDF0}.AppStore|Any CPU.ActiveCfg = Release|Any CPU
		{6B726884-9F98-48F2-83D7-73FE8150EDF0}.AppStore|Any CPU.Build.0 = Release|Any CPU
		{6B726884-9F98-48F2-83D7-73FE8150EDF0}.AppStore|Any CPU.Deploy.0 = Release|Any CPU
		{6B726884-9F98-48F2-83D7-73FE8150EDF0}.AppStore|ARM.ActiveCfg = Release|ARM
		{6B726884-9F98-48F2-83D7-73FE8150EDF0}.AppStore|ARM.Build.0 = Release|ARM
		{6B726884-9F98-48F2-83D7-73FE8150EDF0}.AppStore|ARM.Deploy.0 = Release|ARM
		{6B726884-9F98-48F2-83D7-73FE8150EDF0}.AppStore|iPhone.ActiveCfg = Release|Any CPU
		{6B726884-9F98-48F2-83D7-73FE8150EDF0}.AppStore|iPhoneSimulator.ActiveCfg = Release|Any CPU
		{6B726884-9F98-48F2-83D7-73FE8150EDF0}.AppStore|Mixed Platforms.ActiveCfg = Release|x86
		{6B726884-9F98-48F2-83D7-73FE8150EDF0}.AppStore|Mixed Platforms.Build.0 = Release|x86
		{6B726884-9F98-48F2-83D7-73FE8150EDF0}.AppStore|Mixed Platforms.Deploy.0 = Release|x86
		{6B726884-9F98-48F2-83D7-73FE8150EDF0}.AppStore|x64.ActiveCfg = Release|x64
		{6B726884-9F98-48F2-83D7-73FE8150EDF0}.AppStore|x64.Build.0 = Release|x64
		{6B726884-9F98-48F2-83D7-73FE8150EDF0}.AppStore|x64.Deploy.0 = Release|x64
		{6B726884-9F98-48F2-83D7-73FE8150EDF0}.AppStore|x86.ActiveCfg = Release|x86
		{6B726884-9F98-48F2-83D7-73FE8150EDF0}.AppStore|x86.Build.0 = Release|x86
		{6B726884-9F98-48F2-83D7-73FE8150EDF0}.AppStore|x86.Deploy.0 = Release|x86
		{6B726884-9F98-48F2-83D7-73FE8150EDF0}.Debug|Any CPU.ActiveCfg = Debug|Any CPU
		{6B726884-9F98-48F2-83D7-73FE8150EDF0}.Debug|Any CPU.Build.0 = Debug|Any CPU
		{6B726884-9F98-48F2-83D7-73FE8150EDF0}.Debug|Any CPU.Deploy.0 = Debug|Any CPU
		{6B726884-9F98-48F2-83D7-73FE8150EDF0}.Debug|ARM.ActiveCfg = Debug|ARM
		{6B726884-9F98-48F2-83D7-73FE8150EDF0}.Debug|ARM.Build.0 = Debug|ARM
		{6B726884-9F98-48F2-83D7-73FE8150EDF0}.Debug|ARM.Deploy.0 = Debug|ARM
		{6B726884-9F98-48F2-83D7-73FE8150EDF0}.Debug|iPhone.ActiveCfg = Debug|Any CPU
		{6B726884-9F98-48F2-83D7-73FE8150EDF0}.Debug|iPhoneSimulator.ActiveCfg = Debug|Any CPU
		{6B726884-9F98-48F2-83D7-73FE8150EDF0}.Debug|Mixed Platforms.ActiveCfg = Debug|x86
		{6B726884-9F98-48F2-83D7-73FE8150EDF0}.Debug|Mixed Platforms.Build.0 = Debug|x86
		{6B726884-9F98-48F2-83D7-73FE8150EDF0}.Debug|Mixed Platforms.Deploy.0 = Debug|x86
		{6B726884-9F98-48F2-83D7-73FE8150EDF0}.Debug|x64.ActiveCfg = Debug|x64
		{6B726884-9F98-48F2-83D7-73FE8150EDF0}.Debug|x64.Build.0 = Debug|x64
		{6B726884-9F98-48F2-83D7-73FE8150EDF0}.Debug|x64.Deploy.0 = Debug|x64
		{6B726884-9F98-48F2-83D7-73FE8150EDF0}.Debug|x86.ActiveCfg = Debug|x86
		{6B726884-9F98-48F2-83D7-73FE8150EDF0}.Debug|x86.Build.0 = Debug|x86
		{6B726884-9F98-48F2-83D7-73FE8150EDF0}.Debug|x86.Deploy.0 = Debug|x86
		{6B726884-9F98-48F2-83D7-73FE8150EDF0}.Release|Any CPU.ActiveCfg = Release|Any CPU
		{6B726884-9F98-48F2-83D7-73FE8150EDF0}.Release|Any CPU.Build.0 = Release|Any CPU
		{6B726884-9F98-48F2-83D7-73FE8150EDF0}.Release|Any CPU.Deploy.0 = Release|Any CPU
		{6B726884-9F98-48F2-83D7-73FE8150EDF0}.Release|ARM.ActiveCfg = Release|ARM
		{6B726884-9F98-48F2-83D7-73FE8150EDF0}.Release|ARM.Build.0 = Release|ARM
		{6B726884-9F98-48F2-83D7-73FE8150EDF0}.Release|ARM.Deploy.0 = Release|ARM
		{6B726884-9F98-48F2-83D7-73FE8150EDF0}.Release|iPhone.ActiveCfg = Release|Any CPU
		{6B726884-9F98-48F2-83D7-73FE8150EDF0}.Release|iPhoneSimulator.ActiveCfg = Release|Any CPU
		{6B726884-9F98-48F2-83D7-73FE8150EDF0}.Release|Mixed Platforms.ActiveCfg = Release|x86
		{6B726884-9F98-48F2-83D7-73FE8150EDF0}.Release|Mixed Platforms.Build.0 = Release|x86
		{6B726884-9F98-48F2-83D7-73FE8150EDF0}.Release|Mixed Platforms.Deploy.0 = Release|x86
		{6B726884-9F98-48F2-83D7-73FE8150EDF0}.Release|x64.ActiveCfg = Release|x64
		{6B726884-9F98-48F2-83D7-73FE8150EDF0}.Release|x64.Build.0 = Release|x64
		{6B726884-9F98-48F2-83D7-73FE8150EDF0}.Release|x64.Deploy.0 = Release|x64
		{6B726884-9F98-48F2-83D7-73FE8150EDF0}.Release|x86.ActiveCfg = Release|x86
		{6B726884-9F98-48F2-83D7-73FE8150EDF0}.Release|x86.Build.0 = Release|x86
		{6B726884-9F98-48F2-83D7-73FE8150EDF0}.Release|x86.Deploy.0 = Release|x86
		{734ED68C-1B2C-45B4-B700-0F1893C5808D}.Ad-Hoc|Any CPU.ActiveCfg = Release|Any CPU
		{734ED68C-1B2C-45B4-B700-0F1893C5808D}.Ad-Hoc|Any CPU.Build.0 = Release|Any CPU
		{734ED68C-1B2C-45B4-B700-0F1893C5808D}.Ad-Hoc|Any CPU.Deploy.0 = Release|Any CPU
		{734ED68C-1B2C-45B4-B700-0F1893C5808D}.Ad-Hoc|ARM.ActiveCfg = Release|ARM
		{734ED68C-1B2C-45B4-B700-0F1893C5808D}.Ad-Hoc|ARM.Build.0 = Release|ARM
		{734ED68C-1B2C-45B4-B700-0F1893C5808D}.Ad-Hoc|ARM.Deploy.0 = Release|ARM
		{734ED68C-1B2C-45B4-B700-0F1893C5808D}.Ad-Hoc|iPhone.ActiveCfg = Release|Any CPU
		{734ED68C-1B2C-45B4-B700-0F1893C5808D}.Ad-Hoc|iPhoneSimulator.ActiveCfg = Release|Any CPU
		{734ED68C-1B2C-45B4-B700-0F1893C5808D}.Ad-Hoc|Mixed Platforms.ActiveCfg = Release|x86
		{734ED68C-1B2C-45B4-B700-0F1893C5808D}.Ad-Hoc|Mixed Platforms.Build.0 = Release|x86
		{734ED68C-1B2C-45B4-B700-0F1893C5808D}.Ad-Hoc|Mixed Platforms.Deploy.0 = Release|x86
		{734ED68C-1B2C-45B4-B700-0F1893C5808D}.Ad-Hoc|x64.ActiveCfg = Release|Any CPU
		{734ED68C-1B2C-45B4-B700-0F1893C5808D}.Ad-Hoc|x86.ActiveCfg = Release|x86
		{734ED68C-1B2C-45B4-B700-0F1893C5808D}.Ad-Hoc|x86.Build.0 = Release|x86
		{734ED68C-1B2C-45B4-B700-0F1893C5808D}.Ad-Hoc|x86.Deploy.0 = Release|x86
		{734ED68C-1B2C-45B4-B700-0F1893C5808D}.AppStore|Any CPU.ActiveCfg = Release|Any CPU
		{734ED68C-1B2C-45B4-B700-0F1893C5808D}.AppStore|Any CPU.Build.0 = Release|Any CPU
		{734ED68C-1B2C-45B4-B700-0F1893C5808D}.AppStore|Any CPU.Deploy.0 = Release|Any CPU
		{734ED68C-1B2C-45B4-B700-0F1893C5808D}.AppStore|ARM.ActiveCfg = Release|ARM
		{734ED68C-1B2C-45B4-B700-0F1893C5808D}.AppStore|ARM.Build.0 = Release|ARM
		{734ED68C-1B2C-45B4-B700-0F1893C5808D}.AppStore|ARM.Deploy.0 = Release|ARM
		{734ED68C-1B2C-45B4-B700-0F1893C5808D}.AppStore|iPhone.ActiveCfg = Release|Any CPU
		{734ED68C-1B2C-45B4-B700-0F1893C5808D}.AppStore|iPhoneSimulator.ActiveCfg = Release|Any CPU
		{734ED68C-1B2C-45B4-B700-0F1893C5808D}.AppStore|Mixed Platforms.ActiveCfg = Release|x86
		{734ED68C-1B2C-45B4-B700-0F1893C5808D}.AppStore|Mixed Platforms.Build.0 = Release|x86
		{734ED68C-1B2C-45B4-B700-0F1893C5808D}.AppStore|Mixed Platforms.Deploy.0 = Release|x86
		{734ED68C-1B2C-45B4-B700-0F1893C5808D}.AppStore|x64.ActiveCfg = Release|Any CPU
		{734ED68C-1B2C-45B4-B700-0F1893C5808D}.AppStore|x86.ActiveCfg = Release|x86
		{734ED68C-1B2C-45B4-B700-0F1893C5808D}.AppStore|x86.Build.0 = Release|x86
		{734ED68C-1B2C-45B4-B700-0F1893C5808D}.AppStore|x86.Deploy.0 = Release|x86
		{734ED68C-1B2C-45B4-B700-0F1893C5808D}.Debug|Any CPU.ActiveCfg = Debug|Any CPU
		{734ED68C-1B2C-45B4-B700-0F1893C5808D}.Debug|Any CPU.Build.0 = Debug|Any CPU
		{734ED68C-1B2C-45B4-B700-0F1893C5808D}.Debug|Any CPU.Deploy.0 = Debug|Any CPU
		{734ED68C-1B2C-45B4-B700-0F1893C5808D}.Debug|ARM.ActiveCfg = Debug|ARM
		{734ED68C-1B2C-45B4-B700-0F1893C5808D}.Debug|ARM.Build.0 = Debug|ARM
		{734ED68C-1B2C-45B4-B700-0F1893C5808D}.Debug|ARM.Deploy.0 = Debug|ARM
		{734ED68C-1B2C-45B4-B700-0F1893C5808D}.Debug|iPhone.ActiveCfg = Debug|Any CPU
		{734ED68C-1B2C-45B4-B700-0F1893C5808D}.Debug|iPhoneSimulator.ActiveCfg = Debug|Any CPU
		{734ED68C-1B2C-45B4-B700-0F1893C5808D}.Debug|Mixed Platforms.ActiveCfg = Debug|x86
		{734ED68C-1B2C-45B4-B700-0F1893C5808D}.Debug|Mixed Platforms.Build.0 = Debug|x86
		{734ED68C-1B2C-45B4-B700-0F1893C5808D}.Debug|Mixed Platforms.Deploy.0 = Debug|x86
		{734ED68C-1B2C-45B4-B700-0F1893C5808D}.Debug|x64.ActiveCfg = Debug|Any CPU
		{734ED68C-1B2C-45B4-B700-0F1893C5808D}.Debug|x86.ActiveCfg = Debug|x86
		{734ED68C-1B2C-45B4-B700-0F1893C5808D}.Debug|x86.Build.0 = Debug|x86
		{734ED68C-1B2C-45B4-B700-0F1893C5808D}.Debug|x86.Deploy.0 = Debug|x86
		{734ED68C-1B2C-45B4-B700-0F1893C5808D}.Release|Any CPU.ActiveCfg = Release|Any CPU
		{734ED68C-1B2C-45B4-B700-0F1893C5808D}.Release|Any CPU.Build.0 = Release|Any CPU
		{734ED68C-1B2C-45B4-B700-0F1893C5808D}.Release|Any CPU.Deploy.0 = Release|Any CPU
		{734ED68C-1B2C-45B4-B700-0F1893C5808D}.Release|ARM.ActiveCfg = Release|ARM
		{734ED68C-1B2C-45B4-B700-0F1893C5808D}.Release|ARM.Build.0 = Release|ARM
		{734ED68C-1B2C-45B4-B700-0F1893C5808D}.Release|ARM.Deploy.0 = Release|ARM
		{734ED68C-1B2C-45B4-B700-0F1893C5808D}.Release|iPhone.ActiveCfg = Release|Any CPU
		{734ED68C-1B2C-45B4-B700-0F1893C5808D}.Release|iPhoneSimulator.ActiveCfg = Release|Any CPU
		{734ED68C-1B2C-45B4-B700-0F1893C5808D}.Release|Mixed Platforms.ActiveCfg = Release|x86
		{734ED68C-1B2C-45B4-B700-0F1893C5808D}.Release|Mixed Platforms.Build.0 = Release|x86
		{734ED68C-1B2C-45B4-B700-0F1893C5808D}.Release|Mixed Platforms.Deploy.0 = Release|x86
		{734ED68C-1B2C-45B4-B700-0F1893C5808D}.Release|x64.ActiveCfg = Release|Any CPU
		{734ED68C-1B2C-45B4-B700-0F1893C5808D}.Release|x86.ActiveCfg = Release|x86
		{734ED68C-1B2C-45B4-B700-0F1893C5808D}.Release|x86.Build.0 = Release|x86
		{734ED68C-1B2C-45B4-B700-0F1893C5808D}.Release|x86.Deploy.0 = Release|x86
	EndGlobalSection
	GlobalSection(SolutionProperties) = preSolution
		HideSolutionNode = FALSE
	EndGlobalSection
EndGlobal
